
Microsoft Visual Studio Solution File, Format Version 12.00
# Visual Studio Version 17
VisualStudioVersion = 17.0.31903.59
MinimumVisualStudioVersion = 10.0.40219.1
Project("{9A19103F-16F7-4668-BE54-9A1E7A4F7556}") = "FixTagSolution", "FixTagSolution\FixTagSolution.csproj", "{4F9E6695-DE75-4A66-8877-E1F16A684EF9}"
EndProject
Project("{2150E333-8FDC-42A3-9474-1A3956D46DE8}") = "Build", "Build", "{30A8192B-BAE4-4216-A8B1-A9779581D6FA}"
	ProjectSection(SolutionItems) = preProject
		build\dependencies.props = build\dependencies.props
	EndProjectSection
EndProject
Global
	GlobalSection(SolutionConfigurationPlatforms) = preSolution
		Debug|Any CPU = Debug|Any CPU
		Release|Any CPU = Release|Any CPU
	EndGlobalSection
	GlobalSection(ProjectConfigurationPlatforms) = postSolution
		{4F9E6695-DE75-4A66-8877-E1F16A684EF9}.Debug|Any CPU.ActiveCfg = Debug|Any CPU
		{4F9E6695-DE75-4A66-8877-E1F16A684EF9}.Debug|Any CPU.Build.0 = Debug|Any CPU
		{4F9E6695-DE75-4A66-8877-E1F16A684EF9}.Release|Any CPU.ActiveCfg = Release|Any CPU
		{4F9E6695-DE75-4A66-8877-E1F16A684EF9}.Release|Any CPU.Build.0 = Release|Any CPU
	EndGlobalSection
	GlobalSection(SolutionProperties) = preSolution
		HideSolutionNode = FALSE
	EndGlobalSection
	GlobalSection(ExtensibilityGlobals) = postSolution
		SolutionGuid = {D6D294A5-4309-402C-87A5-741BD87E1E69}
	EndGlobalSection
EndGlobal
